
Microsoft Visual Studio Solution File, Format Version 12.00
# Visual Studio 15
VisualStudioVersion = 15.0.26730.12
MinimumVisualStudioVersion = 10.0.40219.1
Project("{FAE04EC0-301F-11D3-BF4B-00C04F79EFBC}") = "GsmLanTe", "GsmLanTe\GsmLanTe.csproj", "{14355A60-DA81-4CBE-B45A-21E257A0E42E}"
EndProject
Project("{FAE04EC0-301F-11D3-BF4B-00C04F79EFBC}") = "Mysqlcon", "Mysqlcon\Mysqlcon.csproj", "{5FA93DBE-223D-47FF-925B-B5B8E01345D4}"
EndProject
Project("{FAE04EC0-301F-11D3-BF4B-00C04F79EFBC}") = "Sqlitecon", "Sqlitecon\Sqlitecon.csproj", "{D2D0E55A-2C30-4D37-9E1D-F09963FA3B53}"
EndProject
Project("{FAE04EC0-301F-11D3-BF4B-00C04F79EFBC}") = "DAL", "DAL\DAL.csproj", "{3948CCFC-E025-48A7-81B5-F9AECC2BC9EB}"
EndProject
Global
	GlobalSection(SolutionConfigurationPlatforms) = preSolution
		Debug|Any CPU = Debug|Any CPU
		Release|Any CPU = Release|Any CPU
	EndGlobalSection
	GlobalSection(ProjectConfigurationPlatforms) = postSolution
		{14355A60-DA81-4CBE-B45A-21E257A0E42E}.Debug|Any CPU.ActiveCfg = Debug|Any CPU
		{14355A60-DA81-4CBE-B45A-21E257A0E42E}.Debug|Any CPU.Build.0 = Debug|Any CPU
		{14355A60-DA81-4CBE-B45A-21E257A0E42E}.Release|Any CPU.ActiveCfg = Release|Any CPU
		{14355A60-DA81-4CBE-B45A-21E257A0E42E}.Release|Any CPU.Build.0 = Release|Any CPU
		{5FA93DBE-223D-47FF-925B-B5B8E01345D4}.Debug|Any CPU.ActiveCfg = Debug|Any CPU
		{5FA93DBE-223D-47FF-925B-B5B8E01345D4}.Debug|Any CPU.Build.0 = Debug|Any CPU
		{5FA93DBE-223D-47FF-925B-B5B8E01345D4}.Release|Any CPU.ActiveCfg = Release|Any CPU
		{5FA93DBE-223D-47FF-925B-B5B8E01345D4}.Release|Any CPU.Build.0 = Release|Any CPU
		{D2D0E55A-2C30-4D37-9E1D-F09963FA3B53}.Debug|Any CPU.ActiveCfg = Debug|Any CPU
		{D2D0E55A-2C30-4D37-9E1D-F09963FA3B53}.Debug|Any CPU.Build.0 = Debug|Any CPU
		{D2D0E55A-2C30-4D37-9E1D-F09963FA3B53}.Release|Any CPU.ActiveCfg = Release|Any CPU
		{D2D0E55A-2C30-4D37-9E1D-F09963FA3B53}.Release|Any CPU.Build.0 = Release|Any CPU
		{3948CCFC-E025-48A7-81B5-F9AECC2BC9EB}.Debug|Any CPU.ActiveCfg = Debug|Any CPU
		{3948CCFC-E025-48A7-81B5-F9AECC2BC9EB}.Debug|Any CPU.Build.0 = Debug|Any CPU
		{3948CCFC-E025-48A7-81B5-F9AECC2BC9EB}.Release|Any CPU.ActiveCfg = Release|Any CPU
		{3948CCFC-E025-48A7-81B5-F9AECC2BC9EB}.Release|Any CPU.Build.0 = Release|Any CPU
	EndGlobalSection
	GlobalSection(SolutionProperties) = preSolution
		HideSolutionNode = FALSE
	EndGlobalSection
	GlobalSection(ExtensibilityGlobals) = postSolution
		SolutionGuid = {D7DB2649-065C-4C91-B8B6-67CD5CEFC342}
	EndGlobalSection
EndGlobal
